{
  "name": "ics-generator",
  "version": "1.0.0",
  "lockfileVersion": 1,
  "requires": true,
  "dependencies": {
    "fs": {
      "version": "0.0.1-security",
      "resolved": "https://registry.npmjs.org/fs/-/fs-0.0.1-security.tgz",
      "integrity": "sha512-3XY9e1pP0CVEUCdj5BmfIZxRBTSDycnbqhIOGec9QYtmVH2fbLpj86CFWkrNOkt/Fvty4KZG5lTglL9j/gJ87w=="
    },
    "ical-generator": {
      "version": "7.1.0",
      "resolved": "https://registry.npmjs.org/ical-generator/-/ical-generator-7.1.0.tgz",
      "integrity": "sha512-mv7wW35+YHbaFDQGgFPSnn+SOiN805UvQL8VaMye6F6AgTQCDlT8dc0XIndCHgp22KvOdJ0po795QHoPIAq+kA==",
      "requires": {
        "uuid-random": "^1.3.2"
      }
    },
    "moment": {
      "version": "2.30.1",
      "resolved": "https://registry.npmjs.org/moment/-/moment-2.30.1.tgz",
      "integrity": "sha512-uEmtNhbDOrWPFS+hdjFCBfy9f2YoyzRpwcl+DqpC6taX21FzsTLQVbMV/W7PzNSX6x/bhC1zA3c2UQ5NzH6how=="
    },
    "tsv": {
      "version": "0.2.0",
      "resolved": "https://registry.npmjs.org/tsv/-/tsv-0.2.0.tgz",
      "integrity": "sha512-GG6xbOP85giXXom0dS6z9uyDsxktznjpa1AuDlPrIXDqDnbhjr9Vk6Us8iz6U1nENL4CPS2jZDvIjEdaZsmc4Q=="
    },
    "uuid-random": {
      "version": "1.3.2",
      "resolved": "https://registry.npmjs.org/uuid-random/-/uuid-random-1.3.2.tgz",
      "integrity": "sha512-UOzej0Le/UgkbWEO8flm+0y+G+ljUon1QWTEZOq1rnMAsxo2+SckbiZdKzAHHlVh6gJqI1TjC/xwgR50MuCrBQ=="
    }
  }
}
